// !$*UTF8*$!
{
	archiveVersion = 1;
	classes = {
	};
	objectVersion = 51;
	objects = {

/* Begin PBXBuildFile section */
		42854DFB9638D03BE892C090 /* Pods_CavEat.framework in Frameworks */ = {isa = PBXBuildFile; fileRef = 621AB00BEA524397EE07DE65 /* Pods_CavEat.framework */; };
		970CF20A236C5BB400A557AF /* MockImageReaders.swift in Sources */ = {isa = PBXBuildFile; fileRef = 970CF209236C5BB400A557AF /* MockImageReaders.swift */; };
		9725FDF52361D0E500EA9094 /* AppDelegate.swift in Sources */ = {isa = PBXBuildFile; fileRef = 9725FDF42361D0E500EA9094 /* AppDelegate.swift */; };
		9725FDF72361D0E500EA9094 /* SceneDelegate.swift in Sources */ = {isa = PBXBuildFile; fileRef = 9725FDF62361D0E500EA9094 /* SceneDelegate.swift */; };
		9725FDFA2361D0E500EA9094 /* CavEat.xcdatamodeld in Sources */ = {isa = PBXBuildFile; fileRef = 9725FDF82361D0E500EA9094 /* CavEat.xcdatamodeld */; };
		9725FDFC2361D0E500EA9094 /* ContentView.swift in Sources */ = {isa = PBXBuildFile; fileRef = 9725FDFB2361D0E500EA9094 /* ContentView.swift */; };
		9725FDFE2361D0E700EA9094 /* Assets.xcassets in Resources */ = {isa = PBXBuildFile; fileRef = 9725FDFD2361D0E700EA9094 /* Assets.xcassets */; };
		9725FE012361D0E700EA9094 /* Preview Assets.xcassets in Resources */ = {isa = PBXBuildFile; fileRef = 9725FE002361D0E700EA9094 /* Preview Assets.xcassets */; };
		9725FE042361D0E700EA9094 /* LaunchScreen.storyboard in Resources */ = {isa = PBXBuildFile; fileRef = 9725FE022361D0E700EA9094 /* LaunchScreen.storyboard */; };
		9725FE0F2361D0E700EA9094 /* CavEatTests.swift in Sources */ = {isa = PBXBuildFile; fileRef = 9725FE0E2361D0E700EA9094 /* CavEatTests.swift */; };
		9725FE1B2361D41400EA9094 /* Food.swift in Sources */ = {isa = PBXBuildFile; fileRef = 9725FE1A2361D41400EA9094 /* Food.swift */; };
		9725FE1E2361D42000EA9094 /* Ingredient.swift in Sources */ = {isa = PBXBuildFile; fileRef = 9725FE1D2361D42000EA9094 /* Ingredient.swift */; };
		9725FE212361D42A00EA9094 /* NutritionFact.swift in Sources */ = {isa = PBXBuildFile; fileRef = 9725FE202361D42A00EA9094 /* NutritionFact.swift */; };
		97745B2F2361EB9F001E5B76 /* SourceLink.swift in Sources */ = {isa = PBXBuildFile; fileRef = 97745B2E2361EB9F001E5B76 /* SourceLink.swift */; };
		97745B332361EDAF001E5B76 /* NutrientSetting.swift in Sources */ = {isa = PBXBuildFile; fileRef = 97745B322361EDAF001E5B76 /* NutrientSetting.swift */; };
		97745B352361EDBA001E5B76 /* NutrientSettings.swift in Sources */ = {isa = PBXBuildFile; fileRef = 97745B342361EDBA001E5B76 /* NutrientSettings.swift */; };
		97745B372361F6A2001E5B76 /* MainView.swift in Sources */ = {isa = PBXBuildFile; fileRef = 97745B362361F6A2001E5B76 /* MainView.swift */; };
		97745B392361F7A2001E5B76 /* SavedScans.swift in Sources */ = {isa = PBXBuildFile; fileRef = 97745B382361F7A2001E5B76 /* SavedScans.swift */; };
		97745B3B2361F7D3001E5B76 /* Scan.swift in Sources */ = {isa = PBXBuildFile; fileRef = 97745B3A2361F7D3001E5B76 /* Scan.swift */; };
		97745B3D2361F7E3001E5B76 /* DVSettings.swift in Sources */ = {isa = PBXBuildFile; fileRef = 97745B3C2361F7E3001E5B76 /* DVSettings.swift */; };
		978821E9236923DE008BD9A4 /* ResultRow.swift in Sources */ = {isa = PBXBuildFile; fileRef = 978821E8236923DE008BD9A4 /* ResultRow.swift */; };
		978821ED2369DA75008BD9A4 /* caveat_image.jpg in Resources */ = {isa = PBXBuildFile; fileRef = 978821EC2369DA74008BD9A4 /* caveat_image.jpg */; };
		978821EF2369DA7A008BD9A4 /* no_text_image.jpg in Resources */ = {isa = PBXBuildFile; fileRef = 978821EE2369DA7A008BD9A4 /* no_text_image.jpg */; };
		978E76A3236B5D4A00B9DA5D /* ScanViewModelTests.swift in Sources */ = {isa = PBXBuildFile; fileRef = 978E76A2236B5D4A00B9DA5D /* ScanViewModelTests.swift */; };
		978E76A6236B5DAD00B9DA5D /* MockAPIClients.swift in Sources */ = {isa = PBXBuildFile; fileRef = 978E76A5236B5DAD00B9DA5D /* MockAPIClients.swift */; };
		978E76A8236B644900B9DA5D /* ImagesHelper.swift in Sources */ = {isa = PBXBuildFile; fileRef = 978E76A7236B644900B9DA5D /* ImagesHelper.swift */; };
		97A6CE1F2361E1B5008B9825 /* NutritionFactRow.swift in Sources */ = {isa = PBXBuildFile; fileRef = 97A6CE1E2361E1B5008B9825 /* NutritionFactRow.swift */; };
		97C3BBF22365190A001AB241 /* LoadingOverlay.swift in Sources */ = {isa = PBXBuildFile; fileRef = 97C3BBF12365190A001AB241 /* LoadingOverlay.swift */; };
		97C3BBF423651AA7001AB241 /* ActivityIndicator.swift in Sources */ = {isa = PBXBuildFile; fileRef = 97C3BBF323651AA7001AB241 /* ActivityIndicator.swift */; };
		97C3BBF62365228D001AB241 /* CaptureButton.swift in Sources */ = {isa = PBXBuildFile; fileRef = 97C3BBF52365228D001AB241 /* CaptureButton.swift */; };
		97E52321236237CD006116D4 /* FoodTests.swift in Sources */ = {isa = PBXBuildFile; fileRef = 97E52320236237CD006116D4 /* FoodTests.swift */; };
		97E523232362380A006116D4 /* IngredientTests.swift in Sources */ = {isa = PBXBuildFile; fileRef = 97E523222362380A006116D4 /* IngredientTests.swift */; };
		97E523252362382D006116D4 /* NutritionFactTests.swift in Sources */ = {isa = PBXBuildFile; fileRef = 97E523242362382D006116D4 /* NutritionFactTests.swift */; };
		97E5232923623863006116D4 /* NutrientSettingsTests.swift in Sources */ = {isa = PBXBuildFile; fileRef = 97E5232823623863006116D4 /* NutrientSettingsTests.swift */; };
		97E5232E2362414B006116D4 /* NutrientSettingTests.swift in Sources */ = {isa = PBXBuildFile; fileRef = 97E5232D2362414B006116D4 /* NutrientSettingTests.swift */; };
		97E5233123627517006116D4 /* APIClient.swift in Sources */ = {isa = PBXBuildFile; fileRef = 97E5233023627517006116D4 /* APIClient.swift */; };
		97E5233423627989006116D4 /* APIClientTests.swift in Sources */ = {isa = PBXBuildFile; fileRef = 97E5233323627989006116D4 /* APIClientTests.swift */; };
		97E7D4AE2365CDBC0016C3CE /* ScanViewModel.swift in Sources */ = {isa = PBXBuildFile; fileRef = 97E7D4AD2365CDBC0016C3CE /* ScanViewModel.swift */; };
		97E7D4B02365DB200016C3CE /* ImageReader.swift in Sources */ = {isa = PBXBuildFile; fileRef = 97E7D4AF2365DB200016C3CE /* ImageReader.swift */; };
		97E7D4B6236717E50016C3CE /* ScanCapViewController.swift in Sources */ = {isa = PBXBuildFile; fileRef = 97E7D4B5236717E50016C3CE /* ScanCapViewController.swift */; };
		97E7D4B8236719130016C3CE /* ScanCap.swift in Sources */ = {isa = PBXBuildFile; fileRef = 97E7D4B7236719130016C3CE /* ScanCap.swift */; };
		97E7D4BD2368F7630016C3CE /* ImageReaderTest.swift in Sources */ = {isa = PBXBuildFile; fileRef = 97E7D4BC2368F7630016C3CE /* ImageReaderTest.swift */; };
		97F611AC23646837001A7271 /* UPCScan.swift in Sources */ = {isa = PBXBuildFile; fileRef = 97F611AB23646837001A7271 /* UPCScan.swift */; };
		97F611AE23646936001A7271 /* ManualScanHeader.swift in Sources */ = {isa = PBXBuildFile; fileRef = 97F611AD23646936001A7271 /* ManualScanHeader.swift */; };
		97F611B12364C85C001A7271 /* ResultViewModel.swift in Sources */ = {isa = PBXBuildFile; fileRef = 97F611B02364C85C001A7271 /* ResultViewModel.swift */; };
		97F611B42364C94A001A7271 /* Result.swift in Sources */ = {isa = PBXBuildFile; fileRef = 97F611B32364C94A001A7271 /* Result.swift */; };
		97F611B62364CD79001A7271 /* FoodList.swift in Sources */ = {isa = PBXBuildFile; fileRef = 97F611B52364CD79001A7271 /* FoodList.swift */; };
		9C659A1EEA5D67037AC17939 /* Pods_CavEatTests.framework in Frameworks */ = {isa = PBXBuildFile; fileRef = 001D5DC2E0D35625712A1A3A /* Pods_CavEatTests.framework */; };
		E1F929EA2367FCD000F7757D /* IngredientRow.swift in Sources */ = {isa = PBXBuildFile; fileRef = E1F929E92367FCD000F7757D /* IngredientRow.swift */; };
/* End PBXBuildFile section */

/* Begin PBXContainerItemProxy section */
		9725FE0B2361D0E700EA9094 /* PBXContainerItemProxy */ = {
			isa = PBXContainerItemProxy;
			containerPortal = 9725FDE92361D0E500EA9094 /* Project object */;
			proxyType = 1;
			remoteGlobalIDString = 9725FDF02361D0E500EA9094;
			remoteInfo = CavEat;
		};
/* End PBXContainerItemProxy section */

/* Begin PBXFileReference section */
		001D5DC2E0D35625712A1A3A /* Pods_CavEatTests.framework */ = {isa = PBXFileReference; explicitFileType = wrapper.framework; includeInIndex = 0; path = Pods_CavEatTests.framework; sourceTree = BUILT_PRODUCTS_DIR; };
		24AD58A7888556ED2FD66027 /* Pods-CavEatTests.release.xcconfig */ = {isa = PBXFileReference; includeInIndex = 1; lastKnownFileType = text.xcconfig; name = "Pods-CavEatTests.release.xcconfig"; path = "Target Support Files/Pods-CavEatTests/Pods-CavEatTests.release.xcconfig"; sourceTree = "<group>"; };
		5B6CBEA06C01681EB5F44376 /* Pods-CavEat.release.xcconfig */ = {isa = PBXFileReference; includeInIndex = 1; lastKnownFileType = text.xcconfig; name = "Pods-CavEat.release.xcconfig"; path = "Target Support Files/Pods-CavEat/Pods-CavEat.release.xcconfig"; sourceTree = "<group>"; };
		621AB00BEA524397EE07DE65 /* Pods_CavEat.framework */ = {isa = PBXFileReference; explicitFileType = wrapper.framework; includeInIndex = 0; path = Pods_CavEat.framework; sourceTree = BUILT_PRODUCTS_DIR; };
		970CF209236C5BB400A557AF /* MockImageReaders.swift */ = {isa = PBXFileReference; lastKnownFileType = sourcecode.swift; path = MockImageReaders.swift; sourceTree = "<group>"; };
		9725FDF12361D0E500EA9094 /* CavEat.app */ = {isa = PBXFileReference; explicitFileType = wrapper.application; includeInIndex = 0; path = CavEat.app; sourceTree = BUILT_PRODUCTS_DIR; };
		9725FDF42361D0E500EA9094 /* AppDelegate.swift */ = {isa = PBXFileReference; lastKnownFileType = sourcecode.swift; path = AppDelegate.swift; sourceTree = "<group>"; };
		9725FDF62361D0E500EA9094 /* SceneDelegate.swift */ = {isa = PBXFileReference; lastKnownFileType = sourcecode.swift; path = SceneDelegate.swift; sourceTree = "<group>"; };
		9725FDF92361D0E500EA9094 /* CavEat.xcdatamodel */ = {isa = PBXFileReference; lastKnownFileType = wrapper.xcdatamodel; path = CavEat.xcdatamodel; sourceTree = "<group>"; };
		9725FDFB2361D0E500EA9094 /* ContentView.swift */ = {isa = PBXFileReference; lastKnownFileType = sourcecode.swift; path = ContentView.swift; sourceTree = "<group>"; };
		9725FDFD2361D0E700EA9094 /* Assets.xcassets */ = {isa = PBXFileReference; lastKnownFileType = folder.assetcatalog; path = Assets.xcassets; sourceTree = "<group>"; };
		9725FE002361D0E700EA9094 /* Preview Assets.xcassets */ = {isa = PBXFileReference; lastKnownFileType = folder.assetcatalog; path = "Preview Assets.xcassets"; sourceTree = "<group>"; };
		9725FE032361D0E700EA9094 /* Base */ = {isa = PBXFileReference; lastKnownFileType = file.storyboard; name = Base; path = Base.lproj/LaunchScreen.storyboard; sourceTree = "<group>"; };
		9725FE052361D0E700EA9094 /* Info.plist */ = {isa = PBXFileReference; lastKnownFileType = text.plist.xml; path = Info.plist; sourceTree = "<group>"; };
		9725FE0A2361D0E700EA9094 /* CavEatTests.xctest */ = {isa = PBXFileReference; explicitFileType = wrapper.cfbundle; includeInIndex = 0; path = CavEatTests.xctest; sourceTree = BUILT_PRODUCTS_DIR; };
		9725FE0E2361D0E700EA9094 /* CavEatTests.swift */ = {isa = PBXFileReference; lastKnownFileType = sourcecode.swift; path = CavEatTests.swift; sourceTree = "<group>"; };
		9725FE102361D0E700EA9094 /* Info.plist */ = {isa = PBXFileReference; lastKnownFileType = text.plist.xml; path = Info.plist; sourceTree = "<group>"; };
		9725FE1A2361D41400EA9094 /* Food.swift */ = {isa = PBXFileReference; lastKnownFileType = sourcecode.swift; path = Food.swift; sourceTree = "<group>"; };
		9725FE1D2361D42000EA9094 /* Ingredient.swift */ = {isa = PBXFileReference; lastKnownFileType = sourcecode.swift; path = Ingredient.swift; sourceTree = "<group>"; };
		9725FE202361D42A00EA9094 /* NutritionFact.swift */ = {isa = PBXFileReference; lastKnownFileType = sourcecode.swift; path = NutritionFact.swift; sourceTree = "<group>"; };
		97745B2E2361EB9F001E5B76 /* SourceLink.swift */ = {isa = PBXFileReference; lastKnownFileType = sourcecode.swift; path = SourceLink.swift; sourceTree = "<group>"; };
		97745B322361EDAF001E5B76 /* NutrientSetting.swift */ = {isa = PBXFileReference; lastKnownFileType = sourcecode.swift; path = NutrientSetting.swift; sourceTree = "<group>"; };
		97745B342361EDBA001E5B76 /* NutrientSettings.swift */ = {isa = PBXFileReference; lastKnownFileType = sourcecode.swift; path = NutrientSettings.swift; sourceTree = "<group>"; };
		97745B362361F6A2001E5B76 /* MainView.swift */ = {isa = PBXFileReference; lastKnownFileType = sourcecode.swift; path = MainView.swift; sourceTree = "<group>"; };
		97745B382361F7A2001E5B76 /* SavedScans.swift */ = {isa = PBXFileReference; lastKnownFileType = sourcecode.swift; path = SavedScans.swift; sourceTree = "<group>"; };
		97745B3A2361F7D3001E5B76 /* Scan.swift */ = {isa = PBXFileReference; lastKnownFileType = sourcecode.swift; path = Scan.swift; sourceTree = "<group>"; };
		97745B3C2361F7E3001E5B76 /* DVSettings.swift */ = {isa = PBXFileReference; lastKnownFileType = sourcecode.swift; path = DVSettings.swift; sourceTree = "<group>"; };
		978821E8236923DE008BD9A4 /* ResultRow.swift */ = {isa = PBXFileReference; lastKnownFileType = sourcecode.swift; path = ResultRow.swift; sourceTree = "<group>"; };
		978821EC2369DA74008BD9A4 /* caveat_image.jpg */ = {isa = PBXFileReference; lastKnownFileType = image.jpeg; path = caveat_image.jpg; sourceTree = "<group>"; };
		978821EE2369DA7A008BD9A4 /* no_text_image.jpg */ = {isa = PBXFileReference; lastKnownFileType = image.jpeg; path = no_text_image.jpg; sourceTree = "<group>"; };
		978E76A2236B5D4A00B9DA5D /* ScanViewModelTests.swift */ = {isa = PBXFileReference; lastKnownFileType = sourcecode.swift; path = ScanViewModelTests.swift; sourceTree = "<group>"; };
		978E76A5236B5DAD00B9DA5D /* MockAPIClients.swift */ = {isa = PBXFileReference; lastKnownFileType = sourcecode.swift; path = MockAPIClients.swift; sourceTree = "<group>"; };
		978E76A7236B644900B9DA5D /* ImagesHelper.swift */ = {isa = PBXFileReference; lastKnownFileType = sourcecode.swift; path = ImagesHelper.swift; sourceTree = "<group>"; };
		97A6CE1E2361E1B5008B9825 /* NutritionFactRow.swift */ = {isa = PBXFileReference; lastKnownFileType = sourcecode.swift; path = NutritionFactRow.swift; sourceTree = "<group>"; };
		97C3BBF12365190A001AB241 /* LoadingOverlay.swift */ = {isa = PBXFileReference; lastKnownFileType = sourcecode.swift; path = LoadingOverlay.swift; sourceTree = "<group>"; };
		97C3BBF323651AA7001AB241 /* ActivityIndicator.swift */ = {isa = PBXFileReference; lastKnownFileType = sourcecode.swift; path = ActivityIndicator.swift; sourceTree = "<group>"; };
		97C3BBF52365228D001AB241 /* CaptureButton.swift */ = {isa = PBXFileReference; lastKnownFileType = sourcecode.swift; path = CaptureButton.swift; sourceTree = "<group>"; };
		97E52320236237CD006116D4 /* FoodTests.swift */ = {isa = PBXFileReference; lastKnownFileType = sourcecode.swift; path = FoodTests.swift; sourceTree = "<group>"; };
		97E523222362380A006116D4 /* IngredientTests.swift */ = {isa = PBXFileReference; lastKnownFileType = sourcecode.swift; path = IngredientTests.swift; sourceTree = "<group>"; };
		97E523242362382D006116D4 /* NutritionFactTests.swift */ = {isa = PBXFileReference; lastKnownFileType = sourcecode.swift; path = NutritionFactTests.swift; sourceTree = "<group>"; };
		97E5232823623863006116D4 /* NutrientSettingsTests.swift */ = {isa = PBXFileReference; lastKnownFileType = sourcecode.swift; path = NutrientSettingsTests.swift; sourceTree = "<group>"; };
		97E5232D2362414B006116D4 /* NutrientSettingTests.swift */ = {isa = PBXFileReference; lastKnownFileType = sourcecode.swift; path = NutrientSettingTests.swift; sourceTree = "<group>"; };
		97E5233023627517006116D4 /* APIClient.swift */ = {isa = PBXFileReference; lastKnownFileType = sourcecode.swift; path = APIClient.swift; sourceTree = "<group>"; };
		97E5233323627989006116D4 /* APIClientTests.swift */ = {isa = PBXFileReference; lastKnownFileType = sourcecode.swift; path = APIClientTests.swift; sourceTree = "<group>"; };
		97E7D4AD2365CDBC0016C3CE /* ScanViewModel.swift */ = {isa = PBXFileReference; lastKnownFileType = sourcecode.swift; path = ScanViewModel.swift; sourceTree = "<group>"; };
		97E7D4AF2365DB200016C3CE /* ImageReader.swift */ = {isa = PBXFileReference; lastKnownFileType = sourcecode.swift; path = ImageReader.swift; sourceTree = "<group>"; };
		97E7D4B5236717E50016C3CE /* ScanCapViewController.swift */ = {isa = PBXFileReference; lastKnownFileType = sourcecode.swift; path = ScanCapViewController.swift; sourceTree = "<group>"; };
		97E7D4B7236719130016C3CE /* ScanCap.swift */ = {isa = PBXFileReference; lastKnownFileType = sourcecode.swift; path = ScanCap.swift; sourceTree = "<group>"; };
		97E7D4BC2368F7630016C3CE /* ImageReaderTest.swift */ = {isa = PBXFileReference; lastKnownFileType = sourcecode.swift; path = ImageReaderTest.swift; sourceTree = "<group>"; };
		97F611AB23646837001A7271 /* UPCScan.swift */ = {isa = PBXFileReference; lastKnownFileType = sourcecode.swift; path = UPCScan.swift; sourceTree = "<group>"; };
		97F611AD23646936001A7271 /* ManualScanHeader.swift */ = {isa = PBXFileReference; lastKnownFileType = sourcecode.swift; path = ManualScanHeader.swift; sourceTree = "<group>"; };
		97F611B02364C85C001A7271 /* ResultViewModel.swift */ = {isa = PBXFileReference; lastKnownFileType = sourcecode.swift; path = ResultViewModel.swift; sourceTree = "<group>"; };
		97F611B32364C94A001A7271 /* Result.swift */ = {isa = PBXFileReference; lastKnownFileType = sourcecode.swift; path = Result.swift; sourceTree = "<group>"; };
		97F611B52364CD79001A7271 /* FoodList.swift */ = {isa = PBXFileReference; lastKnownFileType = sourcecode.swift; path = FoodList.swift; sourceTree = "<group>"; };
		9A2C9330A0C0F0B35C0382F8 /* Pods-CavEat.debug.xcconfig */ = {isa = PBXFileReference; includeInIndex = 1; lastKnownFileType = text.xcconfig; name = "Pods-CavEat.debug.xcconfig"; path = "Target Support Files/Pods-CavEat/Pods-CavEat.debug.xcconfig"; sourceTree = "<group>"; };
		A26DBC014434E8F015AB1BE2 /* Pods-CavEatTests.debug.xcconfig */ = {isa = PBXFileReference; includeInIndex = 1; lastKnownFileType = text.xcconfig; name = "Pods-CavEatTests.debug.xcconfig"; path = "Target Support Files/Pods-CavEatTests/Pods-CavEatTests.debug.xcconfig"; sourceTree = "<group>"; };
		E1F929E92367FCD000F7757D /* IngredientRow.swift */ = {isa = PBXFileReference; lastKnownFileType = sourcecode.swift; path = IngredientRow.swift; sourceTree = "<group>"; };
/* End PBXFileReference section */

/* Begin PBXFrameworksBuildPhase section */
		9725FDEE2361D0E500EA9094 /* Frameworks */ = {
			isa = PBXFrameworksBuildPhase;
			buildActionMask = 2147483647;
			files = (
				42854DFB9638D03BE892C090 /* Pods_CavEat.framework in Frameworks */,
			);
			runOnlyForDeploymentPostprocessing = 0;
		};
		9725FE072361D0E700EA9094 /* Frameworks */ = {
			isa = PBXFrameworksBuildPhase;
			buildActionMask = 2147483647;
			files = (
				9C659A1EEA5D67037AC17939 /* Pods_CavEatTests.framework in Frameworks */,
			);
			runOnlyForDeploymentPostprocessing = 0;
		};
/* End PBXFrameworksBuildPhase section */

/* Begin PBXGroup section */
		2BE39BEDAB0FDF4A1383E0E4 /* Frameworks */ = {
			isa = PBXGroup;
			children = (
				621AB00BEA524397EE07DE65 /* Pods_CavEat.framework */,
				001D5DC2E0D35625712A1A3A /* Pods_CavEatTests.framework */,
			);
			name = Frameworks;
			sourceTree = "<group>";
		};
		51ED9D2D5EB8493F34B1FC3E /* Pods */ = {
			isa = PBXGroup;
			children = (
				9A2C9330A0C0F0B35C0382F8 /* Pods-CavEat.debug.xcconfig */,
				5B6CBEA06C01681EB5F44376 /* Pods-CavEat.release.xcconfig */,
				A26DBC014434E8F015AB1BE2 /* Pods-CavEatTests.debug.xcconfig */,
				24AD58A7888556ED2FD66027 /* Pods-CavEatTests.release.xcconfig */,
			);
			path = Pods;
			sourceTree = "<group>";
		};
		9725FDE82361D0E500EA9094 = {
			isa = PBXGroup;
			children = (
				9725FDF32361D0E500EA9094 /* CavEat */,
				9725FE0D2361D0E700EA9094 /* CavEatTests */,
				9725FDF22361D0E500EA9094 /* Products */,
				51ED9D2D5EB8493F34B1FC3E /* Pods */,
				2BE39BEDAB0FDF4A1383E0E4 /* Frameworks */,
			);
			sourceTree = "<group>";
		};
		9725FDF22361D0E500EA9094 /* Products */ = {
			isa = PBXGroup;
			children = (
				9725FDF12361D0E500EA9094 /* CavEat.app */,
				9725FE0A2361D0E700EA9094 /* CavEatTests.xctest */,
			);
			name = Products;
			sourceTree = "<group>";
		};
		9725FDF32361D0E500EA9094 /* CavEat */ = {
			isa = PBXGroup;
			children = (
				97C3BBEC236507C4001AB241 /* View Controllers */,
				97F611AF2364C846001A7271 /* View Models */,
				97E5232F236274F4006116D4 /* Services */,
				9725FE232361D54700EA9094 /* Views */,
				9725FE192361D3F500EA9094 /* Models */,
				9725FDF42361D0E500EA9094 /* AppDelegate.swift */,
				9725FDF62361D0E500EA9094 /* SceneDelegate.swift */,
				9725FDFB2361D0E500EA9094 /* ContentView.swift */,
				9725FDFD2361D0E700EA9094 /* Assets.xcassets */,
				9725FE022361D0E700EA9094 /* LaunchScreen.storyboard */,
				9725FE052361D0E700EA9094 /* Info.plist */,
				9725FDF82361D0E500EA9094 /* CavEat.xcdatamodeld */,
				9725FDFF2361D0E700EA9094 /* Preview Content */,
			);
			path = CavEat;
			sourceTree = "<group>";
		};
		9725FDFF2361D0E700EA9094 /* Preview Content */ = {
			isa = PBXGroup;
			children = (
				9725FE002361D0E700EA9094 /* Preview Assets.xcassets */,
			);
			path = "Preview Content";
			sourceTree = "<group>";
		};
		9725FE0D2361D0E700EA9094 /* CavEatTests */ = {
			isa = PBXGroup;
			children = (
				978E76A4236B5D8F00B9DA5D /* Helpers */,
				978E76A1236B5D2100B9DA5D /* View Models */,
				97E7D4BF2368F9BB0016C3CE /* Resources */,
				97E5233223627973006116D4 /* Services */,
				97E5231F236237B6006116D4 /* Models */,
				9725FE0E2361D0E700EA9094 /* CavEatTests.swift */,
				9725FE102361D0E700EA9094 /* Info.plist */,
			);
			path = CavEatTests;
			sourceTree = "<group>";
		};
		9725FE192361D3F500EA9094 /* Models */ = {
			isa = PBXGroup;
			children = (
				9725FE1A2361D41400EA9094 /* Food.swift */,
				9725FE1D2361D42000EA9094 /* Ingredient.swift */,
				9725FE202361D42A00EA9094 /* NutritionFact.swift */,
				97745B322361EDAF001E5B76 /* NutrientSetting.swift */,
				97745B342361EDBA001E5B76 /* NutrientSettings.swift */,
			);
			path = Models;
			sourceTree = "<group>";
		};
		9725FE232361D54700EA9094 /* Views */ = {
			isa = PBXGroup;
			children = (
				97C3BBFD2365408E001AB241 /* Scanning */,
				97C3BBFE236540E1001AB241 /* Representables */,
				97745B2E2361EB9F001E5B76 /* SourceLink.swift */,
				97745B362361F6A2001E5B76 /* MainView.swift */,
				97745B382361F7A2001E5B76 /* SavedScans.swift */,
				97745B3C2361F7E3001E5B76 /* DVSettings.swift */,
				97F611B32364C94A001A7271 /* Result.swift */,
				97F611B52364CD79001A7271 /* FoodList.swift */,
				97C3BBF12365190A001AB241 /* LoadingOverlay.swift */,
				97C3BBF323651AA7001AB241 /* ActivityIndicator.swift */,
				97A6CE1E2361E1B5008B9825 /* NutritionFactRow.swift */,
				E1F929E92367FCD000F7757D /* IngredientRow.swift */,
				978821E8236923DE008BD9A4 /* ResultRow.swift */,
			);
			path = Views;
			sourceTree = "<group>";
		};
		978E76A1236B5D2100B9DA5D /* View Models */ = {
			isa = PBXGroup;
			children = (
				978E76A2236B5D4A00B9DA5D /* ScanViewModelTests.swift */,
			);
			path = "View Models";
			sourceTree = "<group>";
		};
		978E76A4236B5D8F00B9DA5D /* Helpers */ = {
			isa = PBXGroup;
			children = (
				978E76A5236B5DAD00B9DA5D /* MockAPIClients.swift */,
				978E76A7236B644900B9DA5D /* ImagesHelper.swift */,
				970CF209236C5BB400A557AF /* MockImageReaders.swift */,
			);
			path = Helpers;
			sourceTree = "<group>";
		};
		97C3BBEC236507C4001AB241 /* View Controllers */ = {
			isa = PBXGroup;
			children = (
				97E7D4B5236717E50016C3CE /* ScanCapViewController.swift */,
			);
			path = "View Controllers";
			sourceTree = "<group>";
		};
		97C3BBFD2365408E001AB241 /* Scanning */ = {
			isa = PBXGroup;
			children = (
				97745B3A2361F7D3001E5B76 /* Scan.swift */,
				97F611AB23646837001A7271 /* UPCScan.swift */,
				97F611AD23646936001A7271 /* ManualScanHeader.swift */,
				97C3BBF52365228D001AB241 /* CaptureButton.swift */,
			);
			path = Scanning;
			sourceTree = "<group>";
		};
		97C3BBFE236540E1001AB241 /* Representables */ = {
			isa = PBXGroup;
			children = (
				97E7D4B7236719130016C3CE /* ScanCap.swift */,
			);
			path = Representables;
			sourceTree = "<group>";
		};
		97E5231F236237B6006116D4 /* Models */ = {
			isa = PBXGroup;
			children = (
				97E52320236237CD006116D4 /* FoodTests.swift */,
				97E523222362380A006116D4 /* IngredientTests.swift */,
				97E523242362382D006116D4 /* NutritionFactTests.swift */,
				97E5232823623863006116D4 /* NutrientSettingsTests.swift */,
				97E5232D2362414B006116D4 /* NutrientSettingTests.swift */,
			);
			path = Models;
			sourceTree = "<group>";
		};
		97E5232F236274F4006116D4 /* Services */ = {
			isa = PBXGroup;
			children = (
				97E5233023627517006116D4 /* APIClient.swift */,
				97E7D4AF2365DB200016C3CE /* ImageReader.swift */,
			);
			path = Services;
			sourceTree = "<group>";
		};
		97E5233223627973006116D4 /* Services */ = {
			isa = PBXGroup;
			children = (
				97E5233323627989006116D4 /* APIClientTests.swift */,
				97E7D4BC2368F7630016C3CE /* ImageReaderTest.swift */,
			);
			path = Services;
			sourceTree = "<group>";
		};
		97E7D4BF2368F9BB0016C3CE /* Resources */ = {
			isa = PBXGroup;
			children = (
				978821EE2369DA7A008BD9A4 /* no_text_image.jpg */,
				978821EC2369DA74008BD9A4 /* caveat_image.jpg */,
			);
			path = Resources;
			sourceTree = "<group>";
		};
		97F611AF2364C846001A7271 /* View Models */ = {
			isa = PBXGroup;
			children = (
				97F611B02364C85C001A7271 /* ResultViewModel.swift */,
				97E7D4AD2365CDBC0016C3CE /* ScanViewModel.swift */,
			);
			path = "View Models";
			sourceTree = "<group>";
		};
/* End PBXGroup section */

/* Begin PBXNativeTarget section */
		9725FDF02361D0E500EA9094 /* CavEat */ = {
			isa = PBXNativeTarget;
			buildConfigurationList = 9725FE132361D0E700EA9094 /* Build configuration list for PBXNativeTarget "CavEat" */;
			buildPhases = (
				56226C45DEF9F42780B4B748 /* [CP] Check Pods Manifest.lock */,
				9725FDED2361D0E500EA9094 /* Sources */,
				9725FDEE2361D0E500EA9094 /* Frameworks */,
				9725FDEF2361D0E500EA9094 /* Resources */,
				B5EEFAE927105532ECAD984B /* [CP] Embed Pods Frameworks */,
			);
			buildRules = (
			);
			dependencies = (
			);
			name = CavEat;
			productName = CavEat;
			productReference = 9725FDF12361D0E500EA9094 /* CavEat.app */;
			productType = "com.apple.product-type.application";
		};
		9725FE092361D0E700EA9094 /* CavEatTests */ = {
			isa = PBXNativeTarget;
			buildConfigurationList = 9725FE162361D0E700EA9094 /* Build configuration list for PBXNativeTarget "CavEatTests" */;
			buildPhases = (
				14343F1EC33AEAC0614B6DD6 /* [CP] Check Pods Manifest.lock */,
				9725FE062361D0E700EA9094 /* Sources */,
				9725FE072361D0E700EA9094 /* Frameworks */,
				9725FE082361D0E700EA9094 /* Resources */,
			);
			buildRules = (
			);
			dependencies = (
				9725FE0C2361D0E700EA9094 /* PBXTargetDependency */,
			);
			name = CavEatTests;
			productName = CavEatTests;
			productReference = 9725FE0A2361D0E700EA9094 /* CavEatTests.xctest */;
			productType = "com.apple.product-type.bundle.unit-test";
		};
/* End PBXNativeTarget section */

/* Begin PBXProject section */
		9725FDE92361D0E500EA9094 /* Project object */ = {
			isa = PBXProject;
			attributes = {
				LastSwiftUpdateCheck = 1110;
				LastUpgradeCheck = 1110;
				ORGANIZATIONNAME = "Justin Kufro";
				TargetAttributes = {
					9725FDF02361D0E500EA9094 = {
						CreatedOnToolsVersion = 11.1;
					};
					9725FE092361D0E700EA9094 = {
						CreatedOnToolsVersion = 11.1;
						TestTargetID = 9725FDF02361D0E500EA9094;
					};
				};
			};
			buildConfigurationList = 9725FDEC2361D0E500EA9094 /* Build configuration list for PBXProject "CavEat" */;
			compatibilityVersion = "Xcode 9.3";
			developmentRegion = en;
			hasScannedForEncodings = 0;
			knownRegions = (
				en,
				Base,
			);
			mainGroup = 9725FDE82361D0E500EA9094;
			productRefGroup = 9725FDF22361D0E500EA9094 /* Products */;
			projectDirPath = "";
			projectRoot = "";
			targets = (
				9725FDF02361D0E500EA9094 /* CavEat */,
				9725FE092361D0E700EA9094 /* CavEatTests */,
			);
		};
/* End PBXProject section */

/* Begin PBXResourcesBuildPhase section */
		9725FDEF2361D0E500EA9094 /* Resources */ = {
			isa = PBXResourcesBuildPhase;
			buildActionMask = 2147483647;
			files = (
				9725FE042361D0E700EA9094 /* LaunchScreen.storyboard in Resources */,
				9725FE012361D0E700EA9094 /* Preview Assets.xcassets in Resources */,
				9725FDFE2361D0E700EA9094 /* Assets.xcassets in Resources */,
			);
			runOnlyForDeploymentPostprocessing = 0;
		};
		9725FE082361D0E700EA9094 /* Resources */ = {
			isa = PBXResourcesBuildPhase;
			buildActionMask = 2147483647;
			files = (
				978821ED2369DA75008BD9A4 /* caveat_image.jpg in Resources */,
				978821EF2369DA7A008BD9A4 /* no_text_image.jpg in Resources */,
			);
			runOnlyForDeploymentPostprocessing = 0;
		};
/* End PBXResourcesBuildPhase section */

/* Begin PBXShellScriptBuildPhase section */
		14343F1EC33AEAC0614B6DD6 /* [CP] Check Pods Manifest.lock */ = {
			isa = PBXShellScriptBuildPhase;
			buildActionMask = 2147483647;
			files = (
			);
			inputFileListPaths = (
			);
			inputPaths = (
				"${PODS_PODFILE_DIR_PATH}/Podfile.lock",
				"${PODS_ROOT}/Manifest.lock",
			);
			name = "[CP] Check Pods Manifest.lock";
			outputFileListPaths = (
			);
			outputPaths = (
				"$(DERIVED_FILE_DIR)/Pods-CavEatTests-checkManifestLockResult.txt",
			);
			runOnlyForDeploymentPostprocessing = 0;
			shellPath = /bin/sh;
			shellScript = "diff \"${PODS_PODFILE_DIR_PATH}/Podfile.lock\" \"${PODS_ROOT}/Manifest.lock\" > /dev/null\nif [ $? != 0 ] ; then\n    # print error to STDERR\n    echo \"error: The sandbox is not in sync with the Podfile.lock. Run 'pod install' or update your CocoaPods installation.\" >&2\n    exit 1\nfi\n# This output is used by Xcode 'outputs' to avoid re-running this script phase.\necho \"SUCCESS\" > \"${SCRIPT_OUTPUT_FILE_0}\"\n";
			showEnvVarsInLog = 0;
		};
		56226C45DEF9F42780B4B748 /* [CP] Check Pods Manifest.lock */ = {
			isa = PBXShellScriptBuildPhase;
			buildActionMask = 2147483647;
			files = (
			);
			inputFileListPaths = (
			);
			inputPaths = (
				"${PODS_PODFILE_DIR_PATH}/Podfile.lock",
				"${PODS_ROOT}/Manifest.lock",
			);
			name = "[CP] Check Pods Manifest.lock";
			outputFileListPaths = (
			);
			outputPaths = (
				"$(DERIVED_FILE_DIR)/Pods-CavEat-checkManifestLockResult.txt",
			);
			runOnlyForDeploymentPostprocessing = 0;
			shellPath = /bin/sh;
			shellScript = "diff \"${PODS_PODFILE_DIR_PATH}/Podfile.lock\" \"${PODS_ROOT}/Manifest.lock\" > /dev/null\nif [ $? != 0 ] ; then\n    # print error to STDERR\n    echo \"error: The sandbox is not in sync with the Podfile.lock. Run 'pod install' or update your CocoaPods installation.\" >&2\n    exit 1\nfi\n# This output is used by Xcode 'outputs' to avoid re-running this script phase.\necho \"SUCCESS\" > \"${SCRIPT_OUTPUT_FILE_0}\"\n";
			showEnvVarsInLog = 0;
		};
		B5EEFAE927105532ECAD984B /* [CP] Embed Pods Frameworks */ = {
			isa = PBXShellScriptBuildPhase;
			buildActionMask = 2147483647;
			files = (
			);
			inputFileListPaths = (
				"${PODS_ROOT}/Target Support Files/Pods-CavEat/Pods-CavEat-frameworks-${CONFIGURATION}-input-files.xcfilelist",
			);
			name = "[CP] Embed Pods Frameworks";
			outputFileListPaths = (
				"${PODS_ROOT}/Target Support Files/Pods-CavEat/Pods-CavEat-frameworks-${CONFIGURATION}-output-files.xcfilelist",
			);
			runOnlyForDeploymentPostprocessing = 0;
			shellPath = /bin/sh;
			shellScript = "\"${PODS_ROOT}/Target Support Files/Pods-CavEat/Pods-CavEat-frameworks.sh\"\n";
			showEnvVarsInLog = 0;
		};
/* End PBXShellScriptBuildPhase section */

/* Begin PBXSourcesBuildPhase section */
		9725FDED2361D0E500EA9094 /* Sources */ = {
			isa = PBXSourcesBuildPhase;
			buildActionMask = 2147483647;
			files = (
				9725FDF52361D0E500EA9094 /* AppDelegate.swift in Sources */,
				97E5233123627517006116D4 /* APIClient.swift in Sources */,
				9725FDF72361D0E500EA9094 /* SceneDelegate.swift in Sources */,
				97745B332361EDAF001E5B76 /* NutrientSetting.swift in Sources */,
				97C3BBF423651AA7001AB241 /* ActivityIndicator.swift in Sources */,
				978821E9236923DE008BD9A4 /* ResultRow.swift in Sources */,
				97745B352361EDBA001E5B76 /* NutrientSettings.swift in Sources */,
				97F611AC23646837001A7271 /* UPCScan.swift in Sources */,
				97745B2F2361EB9F001E5B76 /* SourceLink.swift in Sources */,
				97E7D4B02365DB200016C3CE /* ImageReader.swift in Sources */,
				97E7D4B6236717E50016C3CE /* ScanCapViewController.swift in Sources */,
				9725FE1E2361D42000EA9094 /* Ingredient.swift in Sources */,
				97745B3D2361F7E3001E5B76 /* DVSettings.swift in Sources */,
				9725FE1B2361D41400EA9094 /* Food.swift in Sources */,
				97F611B12364C85C001A7271 /* ResultViewModel.swift in Sources */,
				97C3BBF22365190A001AB241 /* LoadingOverlay.swift in Sources */,
				E1F929EA2367FCD000F7757D /* IngredientRow.swift in Sources */,
				9725FE212361D42A00EA9094 /* NutritionFact.swift in Sources */,
				97F611AE23646936001A7271 /* ManualScanHeader.swift in Sources */,
				97745B372361F6A2001E5B76 /* MainView.swift in Sources */,
				97745B392361F7A2001E5B76 /* SavedScans.swift in Sources */,
				97E7D4AE2365CDBC0016C3CE /* ScanViewModel.swift in Sources */,
				97745B3B2361F7D3001E5B76 /* Scan.swift in Sources */,
				97E7D4B8236719130016C3CE /* ScanCap.swift in Sources */,
				97F611B62364CD79001A7271 /* FoodList.swift in Sources */,
				9725FDFC2361D0E500EA9094 /* ContentView.swift in Sources */,
				97F611B42364C94A001A7271 /* Result.swift in Sources */,
				9725FDFA2361D0E500EA9094 /* CavEat.xcdatamodeld in Sources */,
				97C3BBF62365228D001AB241 /* CaptureButton.swift in Sources */,
				97A6CE1F2361E1B5008B9825 /* NutritionFactRow.swift in Sources */,
			);
			runOnlyForDeploymentPostprocessing = 0;
		};
		9725FE062361D0E700EA9094 /* Sources */ = {
			isa = PBXSourcesBuildPhase;
			buildActionMask = 2147483647;
			files = (
				97E5232923623863006116D4 /* NutrientSettingsTests.swift in Sources */,
				978E76A6236B5DAD00B9DA5D /* MockAPIClients.swift in Sources */,
				97E523252362382D006116D4 /* NutritionFactTests.swift in Sources */,
				97E5232E2362414B006116D4 /* NutrientSettingTests.swift in Sources */,
				970CF20A236C5BB400A557AF /* MockImageReaders.swift in Sources */,
				97E5233423627989006116D4 /* APIClientTests.swift in Sources */,
				97E523232362380A006116D4 /* IngredientTests.swift in Sources */,
				9725FE0F2361D0E700EA9094 /* CavEatTests.swift in Sources */,
				978E76A8236B644900B9DA5D /* ImagesHelper.swift in Sources */,
				97E7D4BD2368F7630016C3CE /* ImageReaderTest.swift in Sources */,
				97E52321236237CD006116D4 /* FoodTests.swift in Sources */,
				978E76A3236B5D4A00B9DA5D /* ScanViewModelTests.swift in Sources */,
			);
			runOnlyForDeploymentPostprocessing = 0;
		};
/* End PBXSourcesBuildPhase section */

/* Begin PBXTargetDependency section */
		9725FE0C2361D0E700EA9094 /* PBXTargetDependency */ = {
			isa = PBXTargetDependency;
			target = 9725FDF02361D0E500EA9094 /* CavEat */;
			targetProxy = 9725FE0B2361D0E700EA9094 /* PBXContainerItemProxy */;
		};
/* End PBXTargetDependency section */

/* Begin PBXVariantGroup section */
		9725FE022361D0E700EA9094 /* LaunchScreen.storyboard */ = {
			isa = PBXVariantGroup;
			children = (
				9725FE032361D0E700EA9094 /* Base */,
			);
			name = LaunchScreen.storyboard;
			sourceTree = "<group>";
		};
/* End PBXVariantGroup section */

/* Begin XCBuildConfiguration section */
		9725FE112361D0E700EA9094 /* Debug */ = {
			isa = XCBuildConfiguration;
			buildSettings = {
				ALWAYS_SEARCH_USER_PATHS = NO;
				CLANG_ANALYZER_NONNULL = YES;
				CLANG_ANALYZER_NUMBER_OBJECT_CONVERSION = YES_AGGRESSIVE;
				CLANG_CXX_LANGUAGE_STANDARD = "gnu++14";
				CLANG_CXX_LIBRARY = "libc++";
				CLANG_ENABLE_MODULES = YES;
				CLANG_ENABLE_OBJC_ARC = YES;
				CLANG_ENABLE_OBJC_WEAK = YES;
				CLANG_WARN_BLOCK_CAPTURE_AUTORELEASING = YES;
				CLANG_WARN_BOOL_CONVERSION = YES;
				CLANG_WARN_COMMA = YES;
				CLANG_WARN_CONSTANT_CONVERSION = YES;
				CLANG_WARN_DEPRECATED_OBJC_IMPLEMENTATIONS = YES;
				CLANG_WARN_DIRECT_OBJC_ISA_USAGE = YES_ERROR;
				CLANG_WARN_DOCUMENTATION_COMMENTS = YES;
				CLANG_WARN_EMPTY_BODY = YES;
				CLANG_WARN_ENUM_CONVERSION = YES;
				CLANG_WARN_INFINITE_RECURSION = YES;
				CLANG_WARN_INT_CONVERSION = YES;
				CLANG_WARN_NON_LITERAL_NULL_CONVERSION = YES;
				CLANG_WARN_OBJC_IMPLICIT_RETAIN_SELF = YES;
				CLANG_WARN_OBJC_LITERAL_CONVERSION = YES;
				CLANG_WARN_OBJC_ROOT_CLASS = YES_ERROR;
				CLANG_WARN_RANGE_LOOP_ANALYSIS = YES;
				CLANG_WARN_STRICT_PROTOTYPES = YES;
				CLANG_WARN_SUSPICIOUS_MOVE = YES;
				CLANG_WARN_UNGUARDED_AVAILABILITY = YES_AGGRESSIVE;
				CLANG_WARN_UNREACHABLE_CODE = YES;
				CLANG_WARN__DUPLICATE_METHOD_MATCH = YES;
				COPY_PHASE_STRIP = NO;
				DEBUG_INFORMATION_FORMAT = dwarf;
				ENABLE_STRICT_OBJC_MSGSEND = YES;
				ENABLE_TESTABILITY = YES;
				GCC_C_LANGUAGE_STANDARD = gnu11;
				GCC_DYNAMIC_NO_PIC = NO;
				GCC_NO_COMMON_BLOCKS = YES;
				GCC_OPTIMIZATION_LEVEL = 0;
				GCC_PREPROCESSOR_DEFINITIONS = (
					"DEBUG=1",
					"$(inherited)",
				);
				GCC_WARN_64_TO_32_BIT_CONVERSION = YES;
				GCC_WARN_ABOUT_RETURN_TYPE = YES_ERROR;
				GCC_WARN_UNDECLARED_SELECTOR = YES;
				GCC_WARN_UNINITIALIZED_AUTOS = YES_AGGRESSIVE;
				GCC_WARN_UNUSED_FUNCTION = YES;
				GCC_WARN_UNUSED_VARIABLE = YES;
				IPHONEOS_DEPLOYMENT_TARGET = 13.1;
				MTL_ENABLE_DEBUG_INFO = INCLUDE_SOURCE;
				MTL_FAST_MATH = YES;
				ONLY_ACTIVE_ARCH = YES;
				SDKROOT = iphoneos;
				SWIFT_ACTIVE_COMPILATION_CONDITIONS = DEBUG;
				SWIFT_OPTIMIZATION_LEVEL = "-Onone";
			};
			name = Debug;
		};
		9725FE122361D0E700EA9094 /* Release */ = {
			isa = XCBuildConfiguration;
			buildSettings = {
				ALWAYS_SEARCH_USER_PATHS = NO;
				CLANG_ANALYZER_NONNULL = YES;
				CLANG_ANALYZER_NUMBER_OBJECT_CONVERSION = YES_AGGRESSIVE;
				CLANG_CXX_LANGUAGE_STANDARD = "gnu++14";
				CLANG_CXX_LIBRARY = "libc++";
				CLANG_ENABLE_MODULES = YES;
				CLANG_ENABLE_OBJC_ARC = YES;
				CLANG_ENABLE_OBJC_WEAK = YES;
				CLANG_WARN_BLOCK_CAPTURE_AUTORELEASING = YES;
				CLANG_WARN_BOOL_CONVERSION = YES;
				CLANG_WARN_COMMA = YES;
				CLANG_WARN_CONSTANT_CONVERSION = YES;
				CLANG_WARN_DEPRECATED_OBJC_IMPLEMENTATIONS = YES;
				CLANG_WARN_DIRECT_OBJC_ISA_USAGE = YES_ERROR;
				CLANG_WARN_DOCUMENTATION_COMMENTS = YES;
				CLANG_WARN_EMPTY_BODY = YES;
				CLANG_WARN_ENUM_CONVERSION = YES;
				CLANG_WARN_INFINITE_RECURSION = YES;
				CLANG_WARN_INT_CONVERSION = YES;
				CLANG_WARN_NON_LITERAL_NULL_CONVERSION = YES;
				CLANG_WARN_OBJC_IMPLICIT_RETAIN_SELF = YES;
				CLANG_WARN_OBJC_LITERAL_CONVERSION = YES;
				CLANG_WARN_OBJC_ROOT_CLASS = YES_ERROR;
				CLANG_WARN_RANGE_LOOP_ANALYSIS = YES;
				CLANG_WARN_STRICT_PROTOTYPES = YES;
				CLANG_WARN_SUSPICIOUS_MOVE = YES;
				CLANG_WARN_UNGUARDED_AVAILABILITY = YES_AGGRESSIVE;
				CLANG_WARN_UNREACHABLE_CODE = YES;
				CLANG_WARN__DUPLICATE_METHOD_MATCH = YES;
				COPY_PHASE_STRIP = NO;
				DEBUG_INFORMATION_FORMAT = "dwarf-with-dsym";
				ENABLE_NS_ASSERTIONS = NO;
				ENABLE_STRICT_OBJC_MSGSEND = YES;
				GCC_C_LANGUAGE_STANDARD = gnu11;
				GCC_NO_COMMON_BLOCKS = YES;
				GCC_WARN_64_TO_32_BIT_CONVERSION = YES;
				GCC_WARN_ABOUT_RETURN_TYPE = YES_ERROR;
				GCC_WARN_UNDECLARED_SELECTOR = YES;
				GCC_WARN_UNINITIALIZED_AUTOS = YES_AGGRESSIVE;
				GCC_WARN_UNUSED_FUNCTION = YES;
				GCC_WARN_UNUSED_VARIABLE = YES;
				IPHONEOS_DEPLOYMENT_TARGET = 13.1;
				MTL_ENABLE_DEBUG_INFO = NO;
				MTL_FAST_MATH = YES;
				SDKROOT = iphoneos;
				SWIFT_COMPILATION_MODE = wholemodule;
				SWIFT_OPTIMIZATION_LEVEL = "-O";
				VALIDATE_PRODUCT = YES;
			};
			name = Release;
		};
		9725FE142361D0E700EA9094 /* Debug */ = {
			isa = XCBuildConfiguration;
			baseConfigurationReference = 9A2C9330A0C0F0B35C0382F8 /* Pods-CavEat.debug.xcconfig */;
			buildSettings = {
				ASSETCATALOG_COMPILER_APPICON_NAME = AppIcon;
				CODE_SIGN_IDENTITY = "Apple Development";
				CODE_SIGN_STYLE = Automatic;
				DEVELOPMENT_ASSET_PATHS = "\"CavEat/Preview Content\"";
				DEVELOPMENT_TEAM = 376366D83D;
				ENABLE_PREVIEWS = YES;
				INFOPLIST_FILE = CavEat/Info.plist;
				LD_RUNPATH_SEARCH_PATHS = (
					"$(inherited)",
					"@executable_path/Frameworks",
				);
				PRODUCT_BUNDLE_IDENTIFIER = com.jkufro.CavEat;
				PRODUCT_NAME = "$(TARGET_NAME)";
				PROVISIONING_PROFILE_SPECIFIER = "";
				SWIFT_VERSION = 5.0;
				TARGETED_DEVICE_FAMILY = 1;
			};
			name = Debug;
		};
		9725FE152361D0E700EA9094 /* Release */ = {
			isa = XCBuildConfiguration;
			baseConfigurationReference = 5B6CBEA06C01681EB5F44376 /* Pods-CavEat.release.xcconfig */;
			buildSettings = {
				ASSETCATALOG_COMPILER_APPICON_NAME = AppIcon;
				CODE_SIGN_IDENTITY = "Apple Development";
				CODE_SIGN_STYLE = Automatic;
				DEVELOPMENT_ASSET_PATHS = "\"CavEat/Preview Content\"";
				DEVELOPMENT_TEAM = 376366D83D;
				ENABLE_PREVIEWS = YES;
				INFOPLIST_FILE = CavEat/Info.plist;
				LD_RUNPATH_SEARCH_PATHS = (
					"$(inherited)",
					"@executable_path/Frameworks",
				);
				PRODUCT_BUNDLE_IDENTIFIER = com.jkufro.CavEat;
				PRODUCT_NAME = "$(TARGET_NAME)";
				PROVISIONING_PROFILE_SPECIFIER = "";
				SWIFT_VERSION = 5.0;
				TARGETED_DEVICE_FAMILY = 1;
			};
			name = Release;
		};
		9725FE172361D0E700EA9094 /* Debug */ = {
			isa = XCBuildConfiguration;
			baseConfigurationReference = A26DBC014434E8F015AB1BE2 /* Pods-CavEatTests.debug.xcconfig */;
			buildSettings = {
				ALWAYS_EMBED_SWIFT_STANDARD_LIBRARIES = YES;
				BUNDLE_LOADER = "$(TEST_HOST)";
				CODE_SIGN_STYLE = Automatic;
				DEVELOPMENT_TEAM = 376366D83D;
				INFOPLIST_FILE = CavEatTests/Info.plist;
				IPHONEOS_DEPLOYMENT_TARGET = 13.1;
				LD_RUNPATH_SEARCH_PATHS = (
					"$(inherited)",
					"@executable_path/Frameworks",
					"@loader_path/Frameworks",
				);
				PRODUCT_BUNDLE_IDENTIFIER = com.jkufro.CavEatTests;
				PRODUCT_NAME = "$(TARGET_NAME)";
				SWIFT_VERSION = 5.0;
				TARGETED_DEVICE_FAMILY = "1,2";
				TEST_HOST = "$(BUILT_PRODUCTS_DIR)/CavEat.app/CavEat";
			};
			name = Debug;
		};
		9725FE182361D0E700EA9094 /* Release */ = {
			isa = XCBuildConfiguration;
			baseConfigurationReference = 24AD58A7888556ED2FD66027 /* Pods-CavEatTests.release.xcconfig */;
			buildSettings = {
				ALWAYS_EMBED_SWIFT_STANDARD_LIBRARIES = YES;
				BUNDLE_LOADER = "$(TEST_HOST)";
				CODE_SIGN_STYLE = Automatic;
				DEVELOPMENT_TEAM = 376366D83D;
				INFOPLIST_FILE = CavEatTests/Info.plist;
				IPHONEOS_DEPLOYMENT_TARGET = 13.1;
				LD_RUNPATH_SEARCH_PATHS = (
					"$(inherited)",
					"@executable_path/Frameworks",
					"@loader_path/Frameworks",
				);
				PRODUCT_BUNDLE_IDENTIFIER = com.jkufro.CavEatTests;
				PRODUCT_NAME = "$(TARGET_NAME)";
				SWIFT_VERSION = 5.0;
				TARGETED_DEVICE_FAMILY = "1,2";
				TEST_HOST = "$(BUILT_PRODUCTS_DIR)/CavEat.app/CavEat";
			};
			name = Release;
		};
/* End XCBuildConfiguration section */

/* Begin XCConfigurationList section */
		9725FDEC2361D0E500EA9094 /* Build configuration list for PBXProject "CavEat" */ = {
			isa = XCConfigurationList;
			buildConfigurations = (
				9725FE112361D0E700EA9094 /* Debug */,
				9725FE122361D0E700EA9094 /* Release */,
			);
			defaultConfigurationIsVisible = 0;
			defaultConfigurationName = Release;
		};
		9725FE132361D0E700EA9094 /* Build configuration list for PBXNativeTarget "CavEat" */ = {
			isa = XCConfigurationList;
			buildConfigurations = (
				9725FE142361D0E700EA9094 /* Debug */,
				9725FE152361D0E700EA9094 /* Release */,
			);
			defaultConfigurationIsVisible = 0;
			defaultConfigurationName = Release;
		};
		9725FE162361D0E700EA9094 /* Build configuration list for PBXNativeTarget "CavEatTests" */ = {
			isa = XCConfigurationList;
			buildConfigurations = (
				9725FE172361D0E700EA9094 /* Debug */,
				9725FE182361D0E700EA9094 /* Release */,
			);
			defaultConfigurationIsVisible = 0;
			defaultConfigurationName = Release;
		};
/* End XCConfigurationList section */

/* Begin XCVersionGroup section */
		9725FDF82361D0E500EA9094 /* CavEat.xcdatamodeld */ = {
			isa = XCVersionGroup;
			children = (
				9725FDF92361D0E500EA9094 /* CavEat.xcdatamodel */,
			);
			currentVersion = 9725FDF92361D0E500EA9094 /* CavEat.xcdatamodel */;
			path = CavEat.xcdatamodeld;
			sourceTree = "<group>";
			versionGroupType = wrapper.xcdatamodel;
		};
/* End XCVersionGroup section */
	};
	rootObject = 9725FDE92361D0E500EA9094 /* Project object */;
}
